<?xml version="1.0" encoding="utf-8"?>
<Project ToolsVersion="4.0" xmlns="http://schemas.microsoft.com/developer/msbuild/2003">
  <ItemGroup>
    <ClCompile Include="BackBone.cpp" />
    <ClCompile Include="Cube.cpp" />
    <ClCompile Include="Cylinder.cpp" />
    <ClCompile Include="FrustumCube.cpp" />
    <ClCompile Include="InputManager.cpp" />
    <ClCompile Include="Light.cpp" />
    <ClCompile Include="main.cpp" />
    <ClCompile Include="Math.cpp" />
    <ClCompile Include="Object.cpp" />
    <ClCompile Include="pch.cpp" />
    <ClCompile Include="Pyramid.cpp" />
    <ClCompile Include="Sphere.cpp" />
    <ClCompile Include="Tetrahedron.cpp" />
    <ClCompile Include="Timer.cpp" />
    <ClCompile Include="TowerBridge.cpp" />
  </ItemGroup>
  <ItemGroup>
    <ClInclude Include="BackBone.h" />
    <ClInclude Include="Cube.h" />
    <ClInclude Include="Cylinder.h" />
    <ClInclude Include="FrustumCube.h" />
    <ClInclude Include="InputManager.h" />
    <ClInclude Include="json.hpp" />
    <ClInclude Include="Light.h" />
    <ClInclude Include="Math.h" />
    <ClInclude Include="Object.h" />
    <ClInclude Include="pch.h" />
    <ClInclude Include="Pyramid.h" />
    <ClInclude Include="Sphere.h" />
    <ClInclude Include="Tetrahedron.h" />
    <ClInclude Include="Timer.h" />
    <ClInclude Include="TowerBridge.h" />
  </ItemGroup>
  <ItemGroup>
    <None Include="..\.gitignore" />
    <None Include="armJointArmor.json" />
    <None Include="background.json" />
    <None Include="bigWing.json" />
    <None Include="body.json" />
    <None Include="bodyBone.json" />
    <None Include="bridge.json" />
    <None Include="data.json" />
    <None Include="forearmOuter.json" />
    <None Include="gun.json" />
    <None Include="handFinger.json" />
    <None Include="handPalm.json" />
    <None Include="head.json" />
    <None Include="leftFoot.json" />
    <None Include="leftLegArmor.json" />
    <None Include="leftLegBackArmor.json" />
    <None Include="leftLegFrontArmor.json" />
    <None Include="leftLegSideArmor.json" />
    <None Include="leftLowerLeg.json" />
    <None Include="leftUpperLeg.json" />
    <None Include="rightFoot.json" />
    <None Include="rightForearmOuter.json" />
    <None Include="rightLegArmor.json" />
    <None Include="rightLegBackArmor.json" />
    <None Include="rightLegFrontArmor.json" />
    <None Include="rightLegSideArmor.json" />
    <None Include="rightLowerLeg.json" />
    <None Include="rightUpperArmOuter.json" />
    <None Include="rightUpperLeg.json" />
    <None Include="template.json" />
    <None Include="towerBridge.json" />
    <None Include="upperArmOuter.json" />
    <None Include="wing.json" />
    <None Include="shield.json" />
  </ItemGroup>
</Project>